
Microsoft Visual Studio Solution File, Format Version 12.00
# Visual Studio Version 16
VisualStudioVersion = 16.0.29201.188
MinimumVisualStudioVersion = 10.0.40219.1
Project("{FAE04EC0-301F-11D3-BF4B-00C04F79EFBC}") = "Framework", "Framework\Framework.csproj", "{00012ABF-FFE0-4D27-9888-DA8893D2CB69}"
EndProject
Project("{FAE04EC0-301F-11D3-BF4B-00C04F79EFBC}") = "Project", "Project\Project.csproj", "{29D315B4-0DDF-45E2-B7B6-BFD7C4E0231E}"
EndProject
Global
	GlobalSection(SolutionConfigurationPlatforms) = preSolution
		Debug|Any CPU = Debug|Any CPU
		Release|Any CPU = Release|Any CPU
	EndGlobalSection
	GlobalSection(ProjectConfigurationPlatforms) = postSolution
		{00012ABF-FFE0-4D27-9888-DA8893D2CB69}.Debug|Any CPU.ActiveCfg = Debug|Any CPU
		{00012ABF-FFE0-4D27-9888-DA8893D2CB69}.Debug|Any CPU.Build.0 = Debug|Any CPU
		{00012ABF-FFE0-4D27-9888-DA8893D2CB69}.Release|Any CPU.ActiveCfg = Release|Any CPU
		{00012ABF-FFE0-4D27-9888-DA8893D2CB69}.Release|Any CPU.Build.0 = Release|Any CPU
		{29D315B4-0DDF-45E2-B7B6-BFD7C4E0231E}.Debug|Any CPU.ActiveCfg = Debug|Any CPU
		{29D315B4-0DDF-45E2-B7B6-BFD7C4E0231E}.Debug|Any CPU.Build.0 = Debug|Any CPU
		{29D315B4-0DDF-45E2-B7B6-BFD7C4E0231E}.Release|Any CPU.ActiveCfg = Release|Any CPU
		{29D315B4-0DDF-45E2-B7B6-BFD7C4E0231E}.Release|Any CPU.Build.0 = Release|Any CPU
	EndGlobalSection
	GlobalSection(SolutionProperties) = preSolution
		HideSolutionNode = FALSE
	EndGlobalSection
	GlobalSection(ExtensibilityGlobals) = postSolution
		SolutionGuid = {D9D26127-B1A5-432D-9C3C-9164C1627082}
	EndGlobalSection
EndGlobal
